
Microsoft Visual Studio Solution File, Format Version 12.00
# Visual Studio Version 17
VisualStudioVersion = 17.5.33627.172
MinimumVisualStudioVersion = 10.0.40219.1
Project("{2150E333-8FDC-42A3-9474-1A3956D46DE8}") = "01.Clients", "01.Clients", "{E4352820-842C-44F5-9EBB-475C6045DB5F}"
EndProject
Project("{2150E333-8FDC-42A3-9474-1A3956D46DE8}") = "02.Models", "02.Models", "{B1A47C5F-022B-4AAB-A049-C722CB6CD73F}"
EndProject
Project("{9A19103F-16F7-4668-BE54-9A1E7A4F7556}") = "ConsoleClient", "src\ConsoleClient\ConsoleClient.csproj", "{A0770D66-F35F-4999-9E88-E1587D21F5C5}"
EndProject
Project("{9A19103F-16F7-4668-BE54-9A1E7A4F7556}") = "Models", "src\Models\Models.csproj", "{55E85BBA-572A-48CD-8E86-16BF9A175C4C}"
EndProject
Project("{2150E333-8FDC-42A3-9474-1A3956D46DE8}") = "03.Services", "03.Services", "{370B1445-4A5E-4978-AC2C-F926B1B6611A}"
EndProject
Project("{9A19103F-16F7-4668-BE54-9A1E7A4F7556}") = "Service", "src\Service\Service.csproj", "{2F6437D5-7186-4F58-9525-7D1C5270314C}"
EndProject
Project("{2150E333-8FDC-42A3-9474-1A3956D46DE8}") = "06.Common", "06.Common", "{D3E0EAEB-7B28-4C82-8048-4FF1110FF3BD}"
EndProject
Project("{9A19103F-16F7-4668-BE54-9A1E7A4F7556}") = "Common", "src\Common\Common.csproj", "{B98FF175-BFAB-4CE7-B685-A67704D56C18}"
EndProject
Project("{2150E333-8FDC-42A3-9474-1A3956D46DE8}") = "04.UnitOfWork", "04.UnitOfWork", "{7F673404-4C3B-4C08-A735-9169F34FDD6E}"
EndProject
Project("{2150E333-8FDC-42A3-9474-1A3956D46DE8}") = "05.Repository", "05.Repository", "{88A12335-5C08-4D79-90C2-0F6A249F4F8B}"
EndProject
Project("{FAE04EC0-301F-11D3-BF4B-00C04F79EFBC}") = "UnitOfWork.Interfaces", "src\UnitOfWork.Interfaces\UnitOfWork.Interfaces.csproj", "{54035B7F-3E02-4B01-9D6F-5C5A124A6045}"
EndProject
Project("{FAE04EC0-301F-11D3-BF4B-00C04F79EFBC}") = "UnitOfWork.SqlServer", "src\UnitOfWork.SqlServer\UnitOfWork.SqlServer.csproj", "{0EAAF7FD-E420-4D3B-BA48-748E62C51A31}"
EndProject
Project("{FAE04EC0-301F-11D3-BF4B-00C04F79EFBC}") = "Repository.Interface", "src\Repository.Interface\Repository.Interface.csproj", "{DC248795-C890-43CA-8783-34C3AF101A31}"
EndProject
Project("{FAE04EC0-301F-11D3-BF4B-00C04F79EFBC}") = "Repository.SqlServer", "src\Repository.SqlServer\Repository.SqlServer.csproj", "{082B05AD-AA0B-489B-8E72-79D56735C176}"
EndProject
Global
	GlobalSection(SolutionConfigurationPlatforms) = preSolution
		Debug|Any CPU = Debug|Any CPU
		Release|Any CPU = Release|Any CPU
	EndGlobalSection
	GlobalSection(ProjectConfigurationPlatforms) = postSolution
		{A0770D66-F35F-4999-9E88-E1587D21F5C5}.Debug|Any CPU.ActiveCfg = Debug|Any CPU
		{A0770D66-F35F-4999-9E88-E1587D21F5C5}.Debug|Any CPU.Build.0 = Debug|Any CPU
		{A0770D66-F35F-4999-9E88-E1587D21F5C5}.Release|Any CPU.ActiveCfg = Release|Any CPU
		{A0770D66-F35F-4999-9E88-E1587D21F5C5}.Release|Any CPU.Build.0 = Release|Any CPU
		{55E85BBA-572A-48CD-8E86-16BF9A175C4C}.Debug|Any CPU.ActiveCfg = Debug|Any CPU
		{55E85BBA-572A-48CD-8E86-16BF9A175C4C}.Debug|Any CPU.Build.0 = Debug|Any CPU
		{55E85BBA-572A-48CD-8E86-16BF9A175C4C}.Release|Any CPU.ActiveCfg = Release|Any CPU
		{55E85BBA-572A-48CD-8E86-16BF9A175C4C}.Release|Any CPU.Build.0 = Release|Any CPU
		{2F6437D5-7186-4F58-9525-7D1C5270314C}.Debug|Any CPU.ActiveCfg = Debug|Any CPU
		{2F6437D5-7186-4F58-9525-7D1C5270314C}.Debug|Any CPU.Build.0 = Debug|Any CPU
		{2F6437D5-7186-4F58-9525-7D1C5270314C}.Release|Any CPU.ActiveCfg = Release|Any CPU
		{2F6437D5-7186-4F58-9525-7D1C5270314C}.Release|Any CPU.Build.0 = Release|Any CPU
		{B98FF175-BFAB-4CE7-B685-A67704D56C18}.Debug|Any CPU.ActiveCfg = Debug|Any CPU
		{B98FF175-BFAB-4CE7-B685-A67704D56C18}.Debug|Any CPU.Build.0 = Debug|Any CPU
		{B98FF175-BFAB-4CE7-B685-A67704D56C18}.Release|Any CPU.ActiveCfg = Release|Any CPU
		{B98FF175-BFAB-4CE7-B685-A67704D56C18}.Release|Any CPU.Build.0 = Release|Any CPU
		{54035B7F-3E02-4B01-9D6F-5C5A124A6045}.Debug|Any CPU.ActiveCfg = Debug|Any CPU
		{54035B7F-3E02-4B01-9D6F-5C5A124A6045}.Debug|Any CPU.Build.0 = Debug|Any CPU
		{54035B7F-3E02-4B01-9D6F-5C5A124A6045}.Release|Any CPU.ActiveCfg = Release|Any CPU
		{54035B7F-3E02-4B01-9D6F-5C5A124A6045}.Release|Any CPU.Build.0 = Release|Any CPU
		{0EAAF7FD-E420-4D3B-BA48-748E62C51A31}.Debug|Any CPU.ActiveCfg = Debug|Any CPU
		{0EAAF7FD-E420-4D3B-BA48-748E62C51A31}.Debug|Any CPU.Build.0 = Debug|Any CPU
		{0EAAF7FD-E420-4D3B-BA48-748E62C51A31}.Release|Any CPU.ActiveCfg = Release|Any CPU
		{0EAAF7FD-E420-4D3B-BA48-748E62C51A31}.Release|Any CPU.Build.0 = Release|Any CPU
		{DC248795-C890-43CA-8783-34C3AF101A31}.Debug|Any CPU.ActiveCfg = Debug|Any CPU
		{DC248795-C890-43CA-8783-34C3AF101A31}.Debug|Any CPU.Build.0 = Debug|Any CPU
		{DC248795-C890-43CA-8783-34C3AF101A31}.Release|Any CPU.ActiveCfg = Release|Any CPU
		{DC248795-C890-43CA-8783-34C3AF101A31}.Release|Any CPU.Build.0 = Release|Any CPU
		{082B05AD-AA0B-489B-8E72-79D56735C176}.Debug|Any CPU.ActiveCfg = Debug|Any CPU
		{082B05AD-AA0B-489B-8E72-79D56735C176}.Debug|Any CPU.Build.0 = Debug|Any CPU
		{082B05AD-AA0B-489B-8E72-79D56735C176}.Release|Any CPU.ActiveCfg = Release|Any CPU
		{082B05AD-AA0B-489B-8E72-79D56735C176}.Release|Any CPU.Build.0 = Release|Any CPU
	EndGlobalSection
	GlobalSection(SolutionProperties) = preSolution
		HideSolutionNode = FALSE
	EndGlobalSection
	GlobalSection(NestedProjects) = preSolution
		{A0770D66-F35F-4999-9E88-E1587D21F5C5} = {E4352820-842C-44F5-9EBB-475C6045DB5F}
		{55E85BBA-572A-48CD-8E86-16BF9A175C4C} = {B1A47C5F-022B-4AAB-A049-C722CB6CD73F}
		{2F6437D5-7186-4F58-9525-7D1C5270314C} = {370B1445-4A5E-4978-AC2C-F926B1B6611A}
		{B98FF175-BFAB-4CE7-B685-A67704D56C18} = {D3E0EAEB-7B28-4C82-8048-4FF1110FF3BD}
		{54035B7F-3E02-4B01-9D6F-5C5A124A6045} = {7F673404-4C3B-4C08-A735-9169F34FDD6E}
		{0EAAF7FD-E420-4D3B-BA48-748E62C51A31} = {7F673404-4C3B-4C08-A735-9169F34FDD6E}
		{DC248795-C890-43CA-8783-34C3AF101A31} = {88A12335-5C08-4D79-90C2-0F6A249F4F8B}
		{082B05AD-AA0B-489B-8E72-79D56735C176} = {88A12335-5C08-4D79-90C2-0F6A249F4F8B}
	EndGlobalSection
	GlobalSection(ExtensibilityGlobals) = postSolution
		SolutionGuid = {B9474FE1-DDD3-4741-8728-2CA893B61010}
	EndGlobalSection
EndGlobal
